
Microsoft Visual Studio Solution File, Format Version 12.00
# Visual Studio Version 17
VisualStudioVersion = 17.13.35931.197 d17.13
MinimumVisualStudioVersion = 10.0.40219.1
Project("{FAE04EC0-301F-11D3-BF4B-00C04F79EFBC}") = "TranAQuyen_2280602684_BT3", "TranAQuyen_2280602684_BT3\TranAQuyen_2280602684_BT3.csproj", "{9542D1D3-34FD-4586-B564-89130D798508}"
EndProject
Global
	GlobalSection(SolutionConfigurationPlatforms) = preSolution
		Debug|Any CPU = Debug|Any CPU
		Release|Any CPU = Release|Any CPU
	EndGlobalSection
	GlobalSection(ProjectConfigurationPlatforms) = postSolution
		{9542D1D3-34FD-4586-B564-89130D798508}.Debug|Any CPU.ActiveCfg = Debug|Any CPU
		{9542D1D3-34FD-4586-B564-89130D798508}.Debug|Any CPU.Build.0 = Debug|Any CPU
		{9542D1D3-34FD-4586-B564-89130D798508}.Release|Any CPU.ActiveCfg = Release|Any CPU
		{9542D1D3-34FD-4586-B564-89130D798508}.Release|Any CPU.Build.0 = Release|Any CPU
	EndGlobalSection
	GlobalSection(SolutionProperties) = preSolution
		HideSolutionNode = FALSE
	EndGlobalSection
	GlobalSection(ExtensibilityGlobals) = postSolution
		SolutionGuid = {938D4915-9917-474D-AA07-CFD12121FAA5}
	EndGlobalSection
EndGlobal
